<Solution>
  <Folder Name="/src/">
    <Project Path="src/ValidatedWorld.Application/ValidatedWorld.Application.csproj" />
    <Project Path="src/ValidatedWorld.Cli/ValidatedWorld.Cli.csproj" />
    <Project Path="src/ValidatedWorld.Core/ValidatedWorld.Core.csproj" />
    <Project Path="src/ValidatedWorld.Persistence.Sqlite/ValidatedWorld.Persistence.Sqlite.csproj" />
    <Project Path="src/ValidatedWorld.Serialization/ValidatedWorld.Serialization.csproj" />
    <Project Path="src/ValidatedWorld.Validation/ValidatedWorld.Validation.csproj" />
    <Project Path="src/ValidatedWorld.Mcp/ValidatedWorld.Mcp.csproj" />
  </Folder>
  <Folder Name="/tests/">
    <Project Path="tests/ValidatedWorld.Application.Tests/ValidatedWorld.Application.Tests.csproj" />
    <Project Path="tests/ValidatedWorld.Cli.Tests/ValidatedWorld.Cli.Tests.csproj" />
    <Project Path="tests/ValidatedWorld.Core.Tests/ValidatedWorld.Core.Tests.csproj" />
    <Project Path="tests/ValidatedWorld.Persistence.Sqlite.Tests/ValidatedWorld.Persistence.Sqlite.Tests.csproj" />
    <Project Path="tests/ValidatedWorld.Serialization.Tests/ValidatedWorld.Serialization.Tests.csproj" />
    <Project Path="tests/ValidatedWorld.Validation.Tests/ValidatedWorld.Validation.Tests.csproj" />
  </Folder>
</Solution>
